{
  "name": "@mcbe/version",
  "version": "2.0.6",
  "lockfileVersion": 1,
  "requires": true,
  "dependencies": {
    "@mcbe/identifier": {
      "version": "1.0.12",
      "resolved": "https://registry.npmjs.org/@mcbe/identifier/-/identifier-1.0.12.tgz",
      "integrity": "sha512-0SVaxrTzpahY6mnFBngwFn3rOcLJaT2B3AOZWclYbNxKuHCb+CKQMWL5u0ry41ejIaPHTuwIuJyywIctls5qvA==",
      "requires": {
        "@mcbe/ruakr_const": "^1.0.0"
      }
    },
    "@mcbe/lang": {
      "version": "1.0.11",
      "resolved": "https://registry.npmjs.org/@mcbe/lang/-/lang-1.0.11.tgz",
      "integrity": "sha512-vGzljsqtxuNzzjof0+UgvB62A+n0ccfE+FxTP0Lr1GxOdC5zk+11dE6+Q73Ga7AD7n2IM31wlC/Gvwl7OVJDwQ==",
      "requires": {
        "@mcbe/identifier": "^1.0.0",
        "@mcbe/ruakr_const": "^1.0.0",
        "@mcbe/ruakr_util": "^1.0.0",
        "@mcbe/system_server": "^1.0.0",
        "escape-string-regexp": "^2.0.0"
      }
    },
    "@mcbe/ruakr_const": {
      "version": "1.0.4",
      "resolved": "https://registry.npmjs.org/@mcbe/ruakr_const/-/ruakr_const-1.0.4.tgz",
      "integrity": "sha512-n1tW1UyIQ4/2NooxmEgmn9FJDA4g0j6F7ftjDSw7+bKzZI+SBMcSMv+0aHqscttjDWzax+DaVJhsdMaG97AcgQ=="
    },
    "@mcbe/ruakr_util": {
      "version": "1.0.2",
      "resolved": "https://registry.npmjs.org/@mcbe/ruakr_util/-/ruakr_util-1.0.2.tgz",
      "integrity": "sha512-cc9fjxki3G3x94aDYb7qqKOH0kT8yrJLqoxTBFCzXWJ/kKC01mkzY/Jaf2paPFUWu/QIrqx9BxrNGy5vxLsKOQ=="
    },
    "@mcbe/system_server": {
      "version": "1.0.4",
      "resolved": "https://registry.npmjs.org/@mcbe/system_server/-/system_server-1.0.4.tgz",
      "integrity": "sha512-ckqvwP8ucTKEvTqsESCPyIcAJ1eV8+aK5tntNzPPv3il9djHzoPEYzlyiYM4vXPCNF/USIjkD4YBFTfTS1tbKw==",
      "requires": {
        "@mcbe/identifier": "^1.0.0"
      }
    },
    "escape-string-regexp": {
      "version": "2.0.0",
      "resolved": "https://registry.npmjs.org/escape-string-regexp/-/escape-string-regexp-2.0.0.tgz",
      "integrity": "sha512-UpzcLCXolUWcNu5HtVMHYdXJjArjsF9C0aNnquZYY4uW/Vu0miy5YoWvbV345HauVvcAUnpRuhMMcqTcGOY2+w=="
    },
    "krchecktimer": {
      "version": "1.0.2",
      "resolved": "https://registry.npmjs.org/krchecktimer/-/krchecktimer-1.0.2.tgz",
      "integrity": "sha512-IdRYIUtr000f9IuGxlGO4tsX9kWzHRj/C5eooXmI8CmK++vk0TvVJmy4VvSS4h8971fmzPsbfem1UBEFaSYQXQ=="
    }
  }
}
