{
  "name": "mcbe_modules",
  "version": "1.0.0",
  "lockfileVersion": 1,
  "requires": true,
  "dependencies": {
    "@mcbe/command": {
      "version": "1.0.6",
      "resolved": "https://registry.npmjs.org/@mcbe/command/-/command-1.0.6.tgz",
      "integrity": "sha512-MvbdX2jM11sRZBEA9HkUoG7l0+B2esmbpXmO+umLKFjeeClNJfsytH9HqJuN9zyyvmjRgChsm1Z5CardZSkSLA==",
      "requires": {
        "@mcbe/identifier": "^1.0.1",
        "@mcbe/lang": "^1.0.3",
        "@mcbe/ruakr_const": "^1.0.1",
        "@mcbe/system_server": "^1.0.1"
      }
    },
    "@mcbe/console": {
      "version": "1.0.4",
      "resolved": "https://registry.npmjs.org/@mcbe/console/-/console-1.0.4.tgz",
      "integrity": "sha512-PUuVbAr+adg4/UqAviec+afRTp6ZMm6jfj3jwMfLF1JDIFyY0yYPHJ7eOm11iwd0reLS+SMjJgQJbFDYzzZ2QA==",
      "requires": {
        "@mcbe/system_server": "^1.0.1",
        "krlog": "^1.0.4"
      }
    },
    "@mcbe/dummy-console": {
      "version": "1.0.2",
      "resolved": "https://registry.npmjs.org/@mcbe/dummy-console/-/dummy-console-1.0.2.tgz",
      "integrity": "sha512-J0p7KDBCpsRjEaRz4NAWCmw5SB7J1p+GiErtC16dCNKs2dJ4ooJ6uXITnewvnljhw2Z4Ssxkj3CWywlRNv7sWA=="
    },
    "@mcbe/event": {
      "version": "1.0.2",
      "resolved": "https://registry.npmjs.org/@mcbe/event/-/event-1.0.2.tgz",
      "integrity": "sha512-bQ2QBr0/sNq5w+FEn2ajkr2kBKip3l1kIkbHbLGhP/uihadjZyihu2J41Ib8+0KDCRIP4sR/eQpl9PPtogtRRg==",
      "requires": {
        "@mcbe/system_shared": "^1.0.0"
      }
    },
    "@mcbe/identifier": {
      "version": "1.0.1",
      "resolved": "https://registry.npmjs.org/@mcbe/identifier/-/identifier-1.0.1.tgz",
      "integrity": "sha512-j9eLfIcIHy2b2nmkPKICjHz5UPtLL7nTVqiDLCHPsG6cZHUkVj9hEf5ZsPl7IDvVj/sfNwBPgvyvan2b2jWEMg==",
      "requires": {
        "@mcbe/ruakr_const": "^1.0.1"
      }
    },
    "@mcbe/lang": {
      "version": "1.0.3",
      "resolved": "https://registry.npmjs.org/@mcbe/lang/-/lang-1.0.3.tgz",
      "integrity": "sha512-XXPgNfKbnaoEvxD39siCODvQ1xO2f21AuvQGegBK5ixciWI+ySkVsbvmMxWygmfKvOVis5/uwlAylWfx/Srbbw==",
      "requires": {
        "@mcbe/identifier": "^1.0.1",
        "@mcbe/ruakr_const": "^1.0.1",
        "@mcbe/ruakr_util": "^1.0.0",
        "@mcbe/system_server": "^1.0.1",
        "escape-string-regexp": "^2.0.0"
      }
    },
    "@mcbe/nexttick": {
      "version": "1.0.2",
      "resolved": "https://registry.npmjs.org/@mcbe/nexttick/-/nexttick-1.0.2.tgz",
      "integrity": "sha512-Nf1Ob9iuzqSdAa8oHcTrRJRVxmiBkY2f4NA8H35rqgDQ4Gsd7E6YYkN1Elc5YqWotDi7GzEMGF/a154+eU+SYQ==",
      "requires": {
        "@mcbe/ruacore_server": "^1.0.1"
      }
    },
    "@mcbe/ruacore_client": {
      "version": "1.0.1",
      "resolved": "https://registry.npmjs.org/@mcbe/ruacore_client/-/ruacore_client-1.0.1.tgz",
      "integrity": "sha512-JO3UE73bEA7/WV53Xth19/q42UWjvp3Ef+PudE5OfT3WbmCfrT530dsiJDYw4/crWfrjcJj0YzGgkOO16ciCcQ==",
      "requires": {
        "@mcbe/event": "^1.0.2",
        "@mcbe/system_client": "^1.0.1",
        "krevent": "^1.0.2"
      }
    },
    "@mcbe/ruacore_server": {
      "version": "1.0.1",
      "resolved": "https://registry.npmjs.org/@mcbe/ruacore_server/-/ruacore_server-1.0.1.tgz",
      "integrity": "sha512-OCNa7roWazVrfm9jFm6623/Z/aWVDz7V6htai+XE79gOw6ROKm6dEWt03JKj5FLf/u6uH9KMW6RNpv+DLo08+Q==",
      "requires": {
        "@mcbe/event": "^1.0.2",
        "@mcbe/system_server": "^1.0.1",
        "krevent": "^1.0.2"
      }
    },
    "@mcbe/ruakr_const": {
      "version": "1.0.1",
      "resolved": "https://registry.npmjs.org/@mcbe/ruakr_const/-/ruakr_const-1.0.1.tgz",
      "integrity": "sha512-Isugiav3slCyNQxaxRLVjNvBdaq35DVAc04xsYNbN0Q0F/DJ0rWZsY2qQvpT+PWluRkG6lcI8ljWn7YxTmhr9w=="
    },
    "@mcbe/ruakr_util": {
      "version": "1.0.0",
      "resolved": "https://registry.npmjs.org/@mcbe/ruakr_util/-/ruakr_util-1.0.0.tgz",
      "integrity": "sha512-3mGxqjWMhdZkRM9BrkzXGl2lJ+yek7RrClLY7kEAOyqWM8L4ZOnzLm3/0ZaJK9Tj7NwrMR7m6S7YkKtBTboaww=="
    },
    "@mcbe/scoreboard": {
      "version": "1.0.0",
      "resolved": "https://registry.npmjs.org/@mcbe/scoreboard/-/scoreboard-1.0.0.tgz",
      "integrity": "sha512-X2yMbEfo5v9PapK8taBLecCks/FpZlCRce+wd+AGuJeuOcMkrEMt8gySoMgdxm/I++yeTn1dhdw9JivxaVwyBA==",
      "requires": {
        "@mcbe/command": "^1.0.6",
        "@mcbe/lang": "^1.0.3",
        "@mcbe/system_server": "^1.0.1"
      }
    },
    "@mcbe/store": {
      "version": "1.0.7",
      "resolved": "https://registry.npmjs.org/@mcbe/store/-/store-1.0.7.tgz",
      "integrity": "sha512-nGEMjM3ywfJXCS+E9YID2xDnVnJJ51bua72yniVNVme+gRwpiGIGzFOnL5hCJPGCv9RjbKTDtADsdy6DtzKa8g==",
      "requires": {
        "@mcbe/command": "^1.0.6",
        "@mcbe/dummy-console": "^1.0.2",
        "@mcbe/ruacore_server": "^1.0.1",
        "@mcbe/scoreboard": "^1.0.0",
        "krchecktimer": "^1.0.1"
      }
    },
    "@mcbe/system_client": {
      "version": "1.0.1",
      "resolved": "https://registry.npmjs.org/@mcbe/system_client/-/system_client-1.0.1.tgz",
      "integrity": "sha512-NUaJMexLde219dUEG4gCJbz6A9psgL7ZO1CptRGpaTtNfi0DeYJ3ntNJjBXCu/YxTAy7g/HVuDHa5Z4wGGFXCQ==",
      "requires": {
        "@mcbe/system_shared": "^1.0.7"
      }
    },
    "@mcbe/system_server": {
      "version": "1.0.1",
      "resolved": "https://registry.npmjs.org/@mcbe/system_server/-/system_server-1.0.1.tgz",
      "integrity": "sha512-3zGIDi/gzxLxyytbGQHf26Vzz0p3Vsv6GIFg7pPHm2tp4OF2e8Id/UR0VmfwGWBsFcyd+iEh3XHZSPuqYwgKUw==",
      "requires": {
        "@mcbe/identifier": "^1.0.1",
        "@mcbe/system_shared": "^1.0.7"
      }
    },
    "@mcbe/system_shared": {
      "version": "1.0.7",
      "resolved": "https://registry.npmjs.org/@mcbe/system_shared/-/system_shared-1.0.7.tgz",
      "integrity": "sha512-yny2qlTQcEMg9IbPAAAO9aImIh60GiSim+g1L+hqkWMKNzWn3k7pIkXVwD7n4x+JveEWbgIX/PAGTnKw1B/caQ==",
      "requires": {
        "@mcbe/dummy-console": "^1.0.2",
        "minecraft-scripting-types-client": "^1.0.0",
        "minecraft-scripting-types-server": "^1.0.0"
      }
    },
    "@mcbe/timer": {
      "version": "1.0.4",
      "resolved": "https://registry.npmjs.org/@mcbe/timer/-/timer-1.0.4.tgz",
      "integrity": "sha512-dXemx8Oah0kacpQB9hZGrowOEls5semGjUjjPLWBB38J0DJXjJiluSjh/t3N6D34Jon0KXdZPtslwCoplgCtfQ==",
      "requires": {
        "@mcbe/dummy-console": "^1.0.2",
        "@mcbe/nexttick": "^1.0.2",
        "@mcbe/ruacore_server": "^1.0.1",
        "krchecktimer": "^1.0.1"
      }
    },
    "@types/escape-string-regexp": {
      "version": "2.0.1",
      "resolved": "https://registry.npmjs.org/@types/escape-string-regexp/-/escape-string-regexp-2.0.1.tgz",
      "integrity": "sha512-QbTY9C4ZdLxqnJ+2vo8IBxMXcC3t//eVTNpnQVkTlVYtuQyZkUTNbFAwtXZ0qJ+YFpib2+raDMtYWh8hBfhlgQ==",
      "requires": {
        "escape-string-regexp": "*"
      }
    },
    "escape-string-regexp": {
      "version": "2.0.0",
      "resolved": "https://registry.npmjs.org/escape-string-regexp/-/escape-string-regexp-2.0.0.tgz",
      "integrity": "sha512-UpzcLCXolUWcNu5HtVMHYdXJjArjsF9C0aNnquZYY4uW/Vu0miy5YoWvbV345HauVvcAUnpRuhMMcqTcGOY2+w=="
    },
    "krchecktimer": {
      "version": "1.0.1",
      "resolved": "https://registry.npmjs.org/krchecktimer/-/krchecktimer-1.0.1.tgz",
      "integrity": "sha512-HOpZPWm7ybASVMZO5eRFOXRPWJXGBo2AT7yfa9ZqOhCVG727ltdvMtiGVRWLECc2AInOsiiVOFxI0BAKmZyZRA=="
    },
    "krevent": {
      "version": "1.0.2",
      "resolved": "https://registry.npmjs.org/krevent/-/krevent-1.0.2.tgz",
      "integrity": "sha512-ONA9SZBDHjZYKh9ffUk2qPbMij2hiLNwq6dr+RxcVr6DOhIuDV0tLR2oI7DI/K6PIjWfpBqGPXFEimLR25AiRA==",
      "requires": {
        "@mcbe/dummy-console": "^1.0.2"
      }
    },
    "krlog": {
      "version": "1.0.4",
      "resolved": "https://registry.npmjs.org/krlog/-/krlog-1.0.4.tgz",
      "integrity": "sha512-qf+XZkS/GaPqCQHcDI80fGJqIR7iIfXl9P0LenppuV7ZZTs4JrjEGQzZgRZ/Yy5bV7J+q3Mt3IqDIyoR4vdu9Q==",
      "requires": {
        "@mcbe/dummy-console": "^1.0.2",
        "krevent": "^1.0.2"
      }
    },
    "minecraft-scripting-types-client": {
      "version": "1.0.0",
      "resolved": "https://registry.npmjs.org/minecraft-scripting-types-client/-/minecraft-scripting-types-client-1.0.0.tgz",
      "integrity": "sha512-muemxnUoSF1KFPxq5wGUuh0i5rDpvEjnsr8xreMA4+gfhbnop8XVY1tidduA4AbbakzPm65hrYSsdRVx1L92sQ==",
      "requires": {
        "minecraft-scripting-types-shared": "^1.0.0"
      }
    },
    "minecraft-scripting-types-server": {
      "version": "1.0.0",
      "resolved": "https://registry.npmjs.org/minecraft-scripting-types-server/-/minecraft-scripting-types-server-1.0.0.tgz",
      "integrity": "sha512-SpNcIDQaXX1PVBiyISYSe3ca+FEFNgA8Im6HNcJCW/0+HL2cNEUJ4LYShImrG7+hye3ISLXmQ9sH2a7Vu99/iA==",
      "requires": {
        "minecraft-scripting-types-shared": "^1.0.0"
      }
    },
    "minecraft-scripting-types-shared": {
      "version": "1.0.0",
      "resolved": "https://registry.npmjs.org/minecraft-scripting-types-shared/-/minecraft-scripting-types-shared-1.0.0.tgz",
      "integrity": "sha512-JUTAsE+tJsnAi7F+Et4tHUFb9Avj4UqzzbXBItpaVFXK2ZOMrc8HUG2FwEoBCk4POd3j5Qpjl7cqRTYjV+7Syg=="
    }
  }
}
