{
  "name": "@mcbe/command",
  "version": "1.1.6",
  "lockfileVersion": 1,
  "requires": true,
  "dependencies": {
    "@mcbe/lang": {
      "version": "1.0.11",
      "requires": {
        "@mcbe/ruakr_const": "^1.0.0",
        "@mcbe/ruakr_util": "^1.0.0",
        "@mcbe/system_server": "^1.0.0",
        "escape-string-regexp": "^2.0.0"
      }
    },
    "@mcbe/ruakr_const": {
      "version": "1.0.4"
    },
    "@mcbe/system_server": {
      "version": "1.0.4"
    },
    "@mcbe/version": {
      "version": "1.0.1",
      "requires": {
        "@mcbe/lang": "^1.0.0",
        "@mcbe/system_server": "^1.0.0",
        "krchecktimer": "^1.0.0"
      }
    }
  }
}
