{
  "name": "@mcbe/damper",
  "version": "1.0.0",
  "lockfileVersion": 1,
  "requires": true,
  "dependencies": {
    "@mcbe/timer": {
      "version": "1.0.9",
      "requires": {
        "@mcbe/dummy-console": "^1.0.0",
        "@mcbe/event": "^1.0.0",
        "@mcbe/nexttick": "^1.0.0",
        "krchecktimer": "^1.0.0"
      }
    }
  }
}
