{
	"name": "@bdsx/ruakr_userlog",
	"version": "1.0.6",
	"lockfileVersion": 1,
	"requires": true,
	"dependencies": {
		"@bdsx/block": {
			"version": "1.0.3",
			"resolved": "https://registry.npmjs.org/@bdsx/block/-/block-1.0.3.tgz",
			"integrity": "sha512-mXpx3G/dlNj8TcPO7CtkrfA6c3A+Q6APS6J2QkrVMBqBDqMTnfaHuxUKIs13JmzB5rQxWhEt8guwpT2/oX2uIA==",
			"requires": {
				"@bdsx/position": "^1.0.0",
				"@mcbe/command": "^1.0.0",
				"@mcbe/identifier": "^1.0.0",
				"@mcbe/ruakr_itemgroup": "^1.0.0",
				"@mcbe/system_server": "^1.0.0",
				"krgeometry": "^1.0.0"
			}
		},
		"@bdsx/logininfo": {
			"version": "1.0.1",
			"resolved": "https://registry.npmjs.org/@bdsx/logininfo/-/logininfo-1.0.1.tgz",
			"integrity": "sha512-h/MzQg8hmbY34z/Ry/ZImFegn79DGLuQ+cRmitW2t2s01904LZ6q555hQXt08k90nc6Akpra7i8MaR66TinK5Q==",
			"requires": {
				"krevent": "^1.0.0"
			},
			"dependencies": {
				"krevent": {
					"version": "1.1.3",
					"resolved": "https://registry.npmjs.org/krevent/-/krevent-1.1.3.tgz",
					"integrity": "sha512-banno4BWU+dgFvD5CIVs/zwYuu4qkUTBLtO2KPowBQ5ZN7AoYkodyiMcNekfUVvSyBCa+8zDlrCT9YkupRiCvA==",
					"requires": {
						"@mcbe/dummy-console": "^1.0.3"
					}
				}
			}
		},
		"@bdsx/position": {
			"version": "1.0.3",
			"resolved": "https://registry.npmjs.org/@bdsx/position/-/position-1.0.3.tgz",
			"integrity": "sha512-TEqExpwC3SdIZTLj5M28VoKSQ0FMqle2o+XM3yX+zuVcjlt7oH0Z8OKK84vximhPnWVbYmFrZrnNP0O2HlZzqA==",
			"requires": {
				"krgeometry": "^1.0.0"
			}
		},
		"@bdsx/ruakr_user": {
			"version": "1.0.6",
			"resolved": "https://registry.npmjs.org/@bdsx/ruakr_user/-/ruakr_user-1.0.6.tgz",
			"integrity": "sha512-OgJtUPLtrVLKYO/YtVT4sknWtT8ua4roiq5tZUTDiSrauhNktCdDbNw2eEjPinf/e3CWZdGjxqwo/CY6fSzU0A==",
			"requires": {
				"@mcbe/ruakr_const": "^1.0.4"
			}
		},
		"@mcbe/command": {
			"version": "1.1.6",
			"resolved": "https://registry.npmjs.org/@mcbe/command/-/command-1.1.6.tgz",
			"integrity": "sha512-D4HRavLuCRSrSZwUF4d+I/9YJfksV4ul1mv0jLiXfg6bH/q1r7fNA+q8PAMxQouJadmxNKUcWNerQvFqIXx4Yg==",
			"requires": {
				"@mcbe/identifier": "^1.0.0",
				"@mcbe/lang": "^1.0.0",
				"@mcbe/ruakr_const": "^1.0.0",
				"@mcbe/system_server": "^1.0.0",
				"@mcbe/version": "^1.0.0"
			}
		},
		"@mcbe/component": {
			"version": "1.0.2",
			"resolved": "https://registry.npmjs.org/@mcbe/component/-/component-1.0.2.tgz",
			"integrity": "sha512-MUGSQ2onhVMEZI/eaSEy4C2gYq/i9wx+2dDGTY5Ot/RSSrNeJaMD69ki+NwNpcbzvZFg0EHdLG8rZcNoG9sZfA==",
			"requires": {
				"@mcbe/dummy-console": "^1.0.0"
			}
		},
		"@mcbe/dummy-console": {
			"version": "1.0.5",
			"resolved": "https://registry.npmjs.org/@mcbe/dummy-console/-/dummy-console-1.0.5.tgz",
			"integrity": "sha512-nZHNEQRQR8rp7Tcr149inzsVeoIFJP66nR5S8Wvfy6Wz3GXn0SNJeSy9xjnHn79KjY0gkpbUb+eT3xXc51aTsg=="
		},
		"@mcbe/entity": {
			"version": "1.0.1",
			"resolved": "https://registry.npmjs.org/@mcbe/entity/-/entity-1.0.1.tgz",
			"integrity": "sha512-lyHiSVPQICrVQ0CNG7RlTcOPt062HqNw4wlvfQgRFs16afQUqdCba9T2epl3PYcD1kOm23YlUVlJUU8fGpAo0A==",
			"requires": {
				"@mcbe/component": "^1.0.0",
				"@mcbe/event_server": "^1.0.0",
				"@mcbe/identifier": "^1.0.0",
				"@mcbe/nexttick": "^1.0.0",
				"@mcbe/system_server": "^1.0.0",
				"krarraymap": "^1.0.1",
				"krevent": "^1.0.0",
				"krgeometry": "^1.0.0"
			},
			"dependencies": {
				"krevent": {
					"version": "1.1.3",
					"resolved": "https://registry.npmjs.org/krevent/-/krevent-1.1.3.tgz",
					"integrity": "sha512-banno4BWU+dgFvD5CIVs/zwYuu4qkUTBLtO2KPowBQ5ZN7AoYkodyiMcNekfUVvSyBCa+8zDlrCT9YkupRiCvA==",
					"requires": {
						"@mcbe/dummy-console": "^1.0.3"
					}
				}
			}
		},
		"@mcbe/event": {
			"version": "1.0.6",
			"resolved": "https://registry.npmjs.org/@mcbe/event/-/event-1.0.6.tgz",
			"integrity": "sha512-0D71Jk2OXhTgTn4FBqyk1gO6uIB/VSa1GnkLgzmsGC9KXZYjyrwpzVxZ2GDly5b5GJZS8U1uFaGKX7WXcnMV7w==",
			"requires": {
				"krevent": "^1.0.0"
			},
			"dependencies": {
				"krevent": {
					"version": "1.1.3",
					"resolved": "https://registry.npmjs.org/krevent/-/krevent-1.1.3.tgz",
					"integrity": "sha512-banno4BWU+dgFvD5CIVs/zwYuu4qkUTBLtO2KPowBQ5ZN7AoYkodyiMcNekfUVvSyBCa+8zDlrCT9YkupRiCvA==",
					"requires": {
						"@mcbe/dummy-console": "^1.0.3"
					}
				}
			}
		},
		"@mcbe/event_server": {
			"version": "1.0.0",
			"resolved": "https://registry.npmjs.org/@mcbe/event_server/-/event_server-1.0.0.tgz",
			"integrity": "sha512-Vc8C5wO79JXaopWTt9kdkxHqjbOOucpfhYqpYU0JUsxBZ44jyUaOM3c3U9BQDth0C/y65mk8dGjHuuOj89LXlA==",
			"requires": {
				"@mcbe/event": "^1.0.0",
				"@mcbe/system_server": "^1.0.0"
			}
		},
		"@mcbe/identifier": {
			"version": "1.0.12",
			"resolved": "https://registry.npmjs.org/@mcbe/identifier/-/identifier-1.0.12.tgz",
			"integrity": "sha512-0SVaxrTzpahY6mnFBngwFn3rOcLJaT2B3AOZWclYbNxKuHCb+CKQMWL5u0ry41ejIaPHTuwIuJyywIctls5qvA==",
			"requires": {
				"@mcbe/ruakr_const": "^1.0.0"
			}
		},
		"@mcbe/lang": {
			"version": "1.0.11",
			"resolved": "https://registry.npmjs.org/@mcbe/lang/-/lang-1.0.11.tgz",
			"integrity": "sha512-vGzljsqtxuNzzjof0+UgvB62A+n0ccfE+FxTP0Lr1GxOdC5zk+11dE6+Q73Ga7AD7n2IM31wlC/Gvwl7OVJDwQ==",
			"requires": {
				"@mcbe/identifier": "^1.0.0",
				"@mcbe/ruakr_const": "^1.0.0",
				"@mcbe/ruakr_util": "^1.0.0",
				"@mcbe/system_server": "^1.0.0",
				"escape-string-regexp": "^2.0.0"
			}
		},
		"@mcbe/nexttick": {
			"version": "1.0.6",
			"resolved": "https://registry.npmjs.org/@mcbe/nexttick/-/nexttick-1.0.6.tgz",
			"integrity": "sha512-r8UeXToh+NxW+BDQ6j71+WlJj7mrwkzEsvBdZCfgkUeFn/TWa4/m3eYqh+B867zeb+MEsscMbOkdi6D1VoIh2A==",
			"requires": {
				"@mcbe/dummy-console": "^1.0.0",
				"@mcbe/event": "^1.0.0"
			}
		},
		"@mcbe/ruakr_const": {
			"version": "1.0.4",
			"resolved": "https://registry.npmjs.org/@mcbe/ruakr_const/-/ruakr_const-1.0.4.tgz",
			"integrity": "sha512-n1tW1UyIQ4/2NooxmEgmn9FJDA4g0j6F7ftjDSw7+bKzZI+SBMcSMv+0aHqscttjDWzax+DaVJhsdMaG97AcgQ=="
		},
		"@mcbe/ruakr_itemgroup": {
			"version": "1.0.0",
			"resolved": "https://registry.npmjs.org/@mcbe/ruakr_itemgroup/-/ruakr_itemgroup-1.0.0.tgz",
			"integrity": "sha512-MeTOSB1i4RZ/UTXDcs0JF7/liimRzjKMpn3bTaLCmR02Hx27R1hMMuSBhO1xvX8NyaiEaw88M41+pdzcl9OsaA==",
			"requires": {
				"@mcbe/identifier": "^1.0.0"
			}
		},
		"@mcbe/ruakr_log": {
			"version": "1.0.2",
			"resolved": "https://registry.npmjs.org/@mcbe/ruakr_log/-/ruakr_log-1.0.2.tgz",
			"integrity": "sha512-s40A+mvcRYXW5hhc6yR8me49n7VbmX2pwUu46Jx68bqU7FAinEu06XTps/w83WjL0I5L2SgKSxANiSrPa6VxSA=="
		},
		"@mcbe/ruakr_util": {
			"version": "1.0.2",
			"resolved": "https://registry.npmjs.org/@mcbe/ruakr_util/-/ruakr_util-1.0.2.tgz",
			"integrity": "sha512-cc9fjxki3G3x94aDYb7qqKOH0kT8yrJLqoxTBFCzXWJ/kKC01mkzY/Jaf2paPFUWu/QIrqx9BxrNGy5vxLsKOQ=="
		},
		"@mcbe/system_server": {
			"version": "1.0.4",
			"resolved": "https://registry.npmjs.org/@mcbe/system_server/-/system_server-1.0.4.tgz",
			"integrity": "sha512-ckqvwP8ucTKEvTqsESCPyIcAJ1eV8+aK5tntNzPPv3il9djHzoPEYzlyiYM4vXPCNF/USIjkD4YBFTfTS1tbKw==",
			"requires": {
				"@mcbe/identifier": "^1.0.0"
			}
		},
		"@mcbe/version": {
			"version": "1.0.1",
			"resolved": "https://registry.npmjs.org/@mcbe/version/-/version-1.0.1.tgz",
			"integrity": "sha512-LxSEw9+QGR9dIAP9nd2Pnf+Poy2t12pHdv/4HOnTXOt1IQQKbd5S/bKPPI2ZEuxqReSeXCd3XDufCeNLSSxqLw==",
			"requires": {
				"@mcbe/lang": "^1.0.0",
				"@mcbe/system_server": "^1.0.0",
				"krchecktimer": "^1.0.0"
			}
		},
		"escape-string-regexp": {
			"version": "2.0.0",
			"resolved": "https://registry.npmjs.org/escape-string-regexp/-/escape-string-regexp-2.0.0.tgz",
			"integrity": "sha512-UpzcLCXolUWcNu5HtVMHYdXJjArjsF9C0aNnquZYY4uW/Vu0miy5YoWvbV345HauVvcAUnpRuhMMcqTcGOY2+w=="
		},
		"krarraymap": {
			"version": "1.0.2",
			"resolved": "https://registry.npmjs.org/krarraymap/-/krarraymap-1.0.2.tgz",
			"integrity": "sha512-OItVjtKdAyvvfNtPXaDLo4xWbkcj+QPiemGShDWNBvSVmBUXzjVwwkR/VM19gwm34EyFy258rBad+Dwe323IsQ=="
		},
		"krchecktimer": {
			"version": "1.0.2",
			"resolved": "https://registry.npmjs.org/krchecktimer/-/krchecktimer-1.0.2.tgz",
			"integrity": "sha512-IdRYIUtr000f9IuGxlGO4tsX9kWzHRj/C5eooXmI8CmK++vk0TvVJmy4VvSS4h8971fmzPsbfem1UBEFaSYQXQ=="
		},
		"krgeometry": {
			"version": "1.0.0",
			"resolved": "https://registry.npmjs.org/krgeometry/-/krgeometry-1.0.0.tgz",
			"integrity": "sha512-05tX1feMCEu2VL3PTE/qLLl7qo5kFmULfjvfot3UxuOXw1/lueVUQwbGr6M9nSL3UozEtpC+n4ZJ9kcu+rtG7g=="
		}
	}
}
