{
  "name": "@mcbe/recipe",
  "version": "1.1.9",
  "lockfileVersion": 1,
  "requires": true,
  "dependencies": {
    "@mcbe/identifier": {
      "version": "1.0.12",
      "resolved": "https://registry.npmjs.org/@mcbe/identifier/-/identifier-1.0.12.tgz",
      "integrity": "sha512-0SVaxrTzpahY6mnFBngwFn3rOcLJaT2B3AOZWclYbNxKuHCb+CKQMWL5u0ry41ejIaPHTuwIuJyywIctls5qvA==",
      "requires": {
        "@mcbe/ruakr_const": "^1.0.0"
      }
    },
    "@mcbe/item": {
      "version": "1.0.4",
      "resolved": "https://registry.npmjs.org/@mcbe/item/-/item-1.0.4.tgz",
      "integrity": "sha512-AFe+9wJdW+ISaaIxv2PHOgq7xdYz3R4xtOt8kQZup1h8BkHa40XyveH3gqaHG6zcayJZQ+SgEeg4U0T4N6PYVA==",
      "requires": {
        "@mcbe/identifier": "^1.0.0"
      }
    },
    "@mcbe/ruakr_const": {
      "version": "1.0.4",
      "resolved": "https://registry.npmjs.org/@mcbe/ruakr_const/-/ruakr_const-1.0.4.tgz",
      "integrity": "sha512-n1tW1UyIQ4/2NooxmEgmn9FJDA4g0j6F7ftjDSw7+bKzZI+SBMcSMv+0aHqscttjDWzax+DaVJhsdMaG97AcgQ=="
    }
  }
}
