{
	"name": "@mcbe/entity",
	"version": "2.0.5",
	"lockfileVersion": 1,
	"requires": true,
	"dependencies": {
		"@mcbe/component": {
			"version": "1.0.2",
			"resolved": "https://registry.npmjs.org/@mcbe/component/-/component-1.0.2.tgz",
			"integrity": "sha512-MUGSQ2onhVMEZI/eaSEy4C2gYq/i9wx+2dDGTY5Ot/RSSrNeJaMD69ki+NwNpcbzvZFg0EHdLG8rZcNoG9sZfA==",
			"requires": {
				"@mcbe/dummy-console": "^1.0.0"
			}
		},
		"@mcbe/dummy-console": {
			"version": "1.0.5",
			"resolved": "https://registry.npmjs.org/@mcbe/dummy-console/-/dummy-console-1.0.5.tgz",
			"integrity": "sha512-nZHNEQRQR8rp7Tcr149inzsVeoIFJP66nR5S8Wvfy6Wz3GXn0SNJeSy9xjnHn79KjY0gkpbUb+eT3xXc51aTsg=="
		},
		"@mcbe/event": {
			"version": "1.0.6",
			"resolved": "https://registry.npmjs.org/@mcbe/event/-/event-1.0.6.tgz",
			"integrity": "sha512-0D71Jk2OXhTgTn4FBqyk1gO6uIB/VSa1GnkLgzmsGC9KXZYjyrwpzVxZ2GDly5b5GJZS8U1uFaGKX7WXcnMV7w==",
			"requires": {
				"krevent": "^1.0.0"
			}
		},
		"@mcbe/event_server": {
			"version": "1.0.0",
			"resolved": "https://registry.npmjs.org/@mcbe/event_server/-/event_server-1.0.0.tgz",
			"integrity": "sha512-Vc8C5wO79JXaopWTt9kdkxHqjbOOucpfhYqpYU0JUsxBZ44jyUaOM3c3U9BQDth0C/y65mk8dGjHuuOj89LXlA==",
			"requires": {
				"@mcbe/event": "^1.0.0",
				"@mcbe/system_server": "^1.0.0"
			}
		},
		"@mcbe/identifier": {
			"version": "1.0.12",
			"resolved": "https://registry.npmjs.org/@mcbe/identifier/-/identifier-1.0.12.tgz",
			"integrity": "sha512-0SVaxrTzpahY6mnFBngwFn3rOcLJaT2B3AOZWclYbNxKuHCb+CKQMWL5u0ry41ejIaPHTuwIuJyywIctls5qvA==",
			"requires": {
				"@mcbe/ruakr_const": "^1.0.0"
			}
		},
		"@mcbe/nexttick": {
			"version": "1.0.6",
			"resolved": "https://registry.npmjs.org/@mcbe/nexttick/-/nexttick-1.0.6.tgz",
			"integrity": "sha512-r8UeXToh+NxW+BDQ6j71+WlJj7mrwkzEsvBdZCfgkUeFn/TWa4/m3eYqh+B867zeb+MEsscMbOkdi6D1VoIh2A==",
			"requires": {
				"@mcbe/dummy-console": "^1.0.0",
				"@mcbe/event": "^1.0.0"
			}
		},
		"@mcbe/ruakr_const": {
			"version": "1.0.4",
			"resolved": "https://registry.npmjs.org/@mcbe/ruakr_const/-/ruakr_const-1.0.4.tgz",
			"integrity": "sha512-n1tW1UyIQ4/2NooxmEgmn9FJDA4g0j6F7ftjDSw7+bKzZI+SBMcSMv+0aHqscttjDWzax+DaVJhsdMaG97AcgQ=="
		},
		"@mcbe/system_server": {
			"version": "1.0.4",
			"resolved": "https://registry.npmjs.org/@mcbe/system_server/-/system_server-1.0.4.tgz",
			"integrity": "sha512-ckqvwP8ucTKEvTqsESCPyIcAJ1eV8+aK5tntNzPPv3il9djHzoPEYzlyiYM4vXPCNF/USIjkD4YBFTfTS1tbKw==",
			"requires": {
				"@mcbe/identifier": "^1.0.0"
			}
		},
		"krarraymap": {
			"version": "1.0.2",
			"resolved": "https://registry.npmjs.org/krarraymap/-/krarraymap-1.0.2.tgz",
			"integrity": "sha512-OItVjtKdAyvvfNtPXaDLo4xWbkcj+QPiemGShDWNBvSVmBUXzjVwwkR/VM19gwm34EyFy258rBad+Dwe323IsQ=="
		},
		"krevent": {
			"version": "1.1.3",
			"resolved": "https://registry.npmjs.org/krevent/-/krevent-1.1.3.tgz",
			"integrity": "sha512-banno4BWU+dgFvD5CIVs/zwYuu4qkUTBLtO2KPowBQ5ZN7AoYkodyiMcNekfUVvSyBCa+8zDlrCT9YkupRiCvA==",
			"requires": {
				"@mcbe/dummy-console": "^1.0.3"
			}
		},
		"krgeometry": {
			"version": "1.0.0",
			"resolved": "https://registry.npmjs.org/krgeometry/-/krgeometry-1.0.0.tgz",
			"integrity": "sha512-05tX1feMCEu2VL3PTE/qLLl7qo5kFmULfjvfot3UxuOXw1/lueVUQwbGr6M9nSL3UozEtpC+n4ZJ9kcu+rtG7g=="
		}
	}
}
