{
  "name": "@mcbe/store",
  "version": "1.0.13",
  "lockfileVersion": 1,
  "requires": true,
  "dependencies": {
    "@mcbe/command": {
      "version": "1.1.6",
      "requires": {
        "@mcbe/lang": "^1.0.0",
        "@mcbe/ruakr_const": "^1.0.0",
        "@mcbe/system_server": "^1.0.0",
        "@mcbe/version": "^1.0.0"
      }
    },
    "@mcbe/dummy-console": {
      "version": "1.0.5"
    },
    "@mcbe/event_server": {
      "version": "1.0.0",
      "requires": {
        "@mcbe/event": "^1.0.0",
        "@mcbe/system_server": "^1.0.0",
        "krevent": "^1.0.0"
      }
    },
    "@mcbe/scoreboard": {
      "version": "1.0.2",
      "requires": {
        "@mcbe/command": "^1.0.0",
        "@mcbe/lang": "^1.0.0",
        "@mcbe/system_server": "^1.0.0"
      }
    },
    "@mcbe/timer": {
      "version": "1.0.9",
      "requires": {
        "@mcbe/dummy-console": "^1.0.0",
        "@mcbe/event": "^1.0.0",
        "@mcbe/nexttick": "^1.0.0",
        "krchecktimer": "^1.0.0"
      }
    },
    "krchecktimer": {
      "version": "1.0.2"
    }
  }
}
