{
  "name": "@mcbe/timer",
  "version": "1.0.9",
  "lockfileVersion": 1,
  "requires": true,
  "dependencies": {
    "@mcbe/dummy-console": {
      "version": "1.0.5"
    },
    "@mcbe/event": {
      "version": "1.0.6",
      "requires": {
        "krevent": "^1.0.0"
      }
    },
    "@mcbe/nexttick": {
      "version": "1.0.6",
      "requires": {
        "@mcbe/dummy-console": "^1.0.0",
        "@mcbe/event": "^1.0.0"
      }
    },
    "krchecktimer": {
      "version": "1.0.2"
    }
  }
}
